
Microsoft Visual Studio Solution File, Format Version 12.00
# Visual Studio 15
VisualStudioVersion = 15.0.26730.16
MinimumVisualStudioVersion = 10.0.40219.1
Project("{FAE04EC0-301F-11D3-BF4B-00C04F79EFBC}") = "ParalelZip", "ParalelZip\ParalelZip.csproj", "{A87CD5A7-8703-4113-9F6A-743B31FA8C2C}"
EndProject
Global
	GlobalSection(SolutionConfigurationPlatforms) = preSolution
		Debug|Any CPU = Debug|Any CPU
		Release|Any CPU = Release|Any CPU
	EndGlobalSection
	GlobalSection(ProjectConfigurationPlatforms) = postSolution
		{A87CD5A7-8703-4113-9F6A-743B31FA8C2C}.Debug|Any CPU.ActiveCfg = Debug|Any CPU
		{A87CD5A7-8703-4113-9F6A-743B31FA8C2C}.Debug|Any CPU.Build.0 = Debug|Any CPU
		{A87CD5A7-8703-4113-9F6A-743B31FA8C2C}.Release|Any CPU.ActiveCfg = Release|Any CPU
		{A87CD5A7-8703-4113-9F6A-743B31FA8C2C}.Release|Any CPU.Build.0 = Release|Any CPU
	EndGlobalSection
	GlobalSection(SolutionProperties) = preSolution
		HideSolutionNode = FALSE
	EndGlobalSection
	GlobalSection(ExtensibilityGlobals) = postSolution
		SolutionGuid = {A695BF5D-CFB9-47ED-8313-7E12FEC40EC3}
	EndGlobalSection
EndGlobal
