
Microsoft Visual Studio Solution File, Format Version 12.00
# Visual Studio 15
VisualStudioVersion = 15.0.26730.15
MinimumVisualStudioVersion = 10.0.40219.1
Project("{FAE04EC0-301F-11D3-BF4B-00C04F79EFBC}") = "ConsoleMemoryApp", "ConsoleMemoryApp\ConsoleMemoryApp.csproj", "{66A71BE8-463D-4070-B81F-3F499988D3B6}"
EndProject
Global
	GlobalSection(SolutionConfigurationPlatforms) = preSolution
		Debug|Any CPU = Debug|Any CPU
		Release|Any CPU = Release|Any CPU
	EndGlobalSection
	GlobalSection(ProjectConfigurationPlatforms) = postSolution
		{66A71BE8-463D-4070-B81F-3F499988D3B6}.Debug|Any CPU.ActiveCfg = Debug|Any CPU
		{66A71BE8-463D-4070-B81F-3F499988D3B6}.Debug|Any CPU.Build.0 = Debug|Any CPU
		{66A71BE8-463D-4070-B81F-3F499988D3B6}.Release|Any CPU.ActiveCfg = Release|Any CPU
		{66A71BE8-463D-4070-B81F-3F499988D3B6}.Release|Any CPU.Build.0 = Release|Any CPU
	EndGlobalSection
	GlobalSection(SolutionProperties) = preSolution
		HideSolutionNode = FALSE
	EndGlobalSection
	GlobalSection(ExtensibilityGlobals) = postSolution
		SolutionGuid = {57AB446B-3DA5-4C24-BB18-731B44AF450A}
	EndGlobalSection
EndGlobal
