
Microsoft Visual Studio Solution File, Format Version 12.00
# Visual Studio 15
VisualStudioVersion = 15.0.26730.15
MinimumVisualStudioVersion = 10.0.40219.1
Project("{FAE04EC0-301F-11D3-BF4B-00C04F79EFBC}") = "ConsoleCopyApp", "ConsoleCopyApp\ConsoleCopyApp.csproj", "{40837FE6-9D00-4BDE-8B1D-061E064AB329}"
EndProject
Project("{FAE04EC0-301F-11D3-BF4B-00C04F79EFBC}") = "ConsoleCarCTORApp", "ConsoleCarCTORApp\ConsoleCarCTORApp.csproj", "{00BA4BD0-4066-4C5F-9D4A-5C272E8B9F67}"
EndProject
Global
	GlobalSection(SolutionConfigurationPlatforms) = preSolution
		Debug|Any CPU = Debug|Any CPU
		Release|Any CPU = Release|Any CPU
	EndGlobalSection
	GlobalSection(ProjectConfigurationPlatforms) = postSolution
		{40837FE6-9D00-4BDE-8B1D-061E064AB329}.Debug|Any CPU.ActiveCfg = Debug|Any CPU
		{40837FE6-9D00-4BDE-8B1D-061E064AB329}.Debug|Any CPU.Build.0 = Debug|Any CPU
		{40837FE6-9D00-4BDE-8B1D-061E064AB329}.Release|Any CPU.ActiveCfg = Release|Any CPU
		{40837FE6-9D00-4BDE-8B1D-061E064AB329}.Release|Any CPU.Build.0 = Release|Any CPU
		{00BA4BD0-4066-4C5F-9D4A-5C272E8B9F67}.Debug|Any CPU.ActiveCfg = Debug|Any CPU
		{00BA4BD0-4066-4C5F-9D4A-5C272E8B9F67}.Debug|Any CPU.Build.0 = Debug|Any CPU
		{00BA4BD0-4066-4C5F-9D4A-5C272E8B9F67}.Release|Any CPU.ActiveCfg = Release|Any CPU
		{00BA4BD0-4066-4C5F-9D4A-5C272E8B9F67}.Release|Any CPU.Build.0 = Release|Any CPU
	EndGlobalSection
	GlobalSection(SolutionProperties) = preSolution
		HideSolutionNode = FALSE
	EndGlobalSection
	GlobalSection(ExtensibilityGlobals) = postSolution
		SolutionGuid = {4B2D942B-60EA-4DD7-9EA8-8E4F99B6D178}
	EndGlobalSection
EndGlobal
